
Microsoft Visual Studio Solution File, Format Version 12.00
# Visual Studio Version 17
VisualStudioVersion = 17.0.31903.59
MinimumVisualStudioVersion = 10.0.40219.1
Project("{FAE04EC0-301F-11D3-BF4B-00C04F79EFBC}") = "WeatherDemo.Library", "WeatherDemo.Library\WeatherDemo.Library.csproj", "{DA201542-7A40-43A5-BA86-C5EE1042208E}"
EndProject
Project("{FAE04EC0-301F-11D3-BF4B-00C04F79EFBC}") = "WeatherDemo.Web", "WeatherDemo.Web\WeatherDemo.Web.csproj", "{480AB83D-0A33-466E-8902-83E9B716838E}"
EndProject
Project("{FAE04EC0-301F-11D3-BF4B-00C04F79EFBC}") = "WeatherDemo.Tests", "WeatherDemo.Tests\WeatherDemo.Tests.csproj", "{A1013CAD-C25E-4F23-8E6B-6C532540443E}"
EndProject
Global
	GlobalSection(SolutionConfigurationPlatforms) = preSolution
		Debug|Any CPU = Debug|Any CPU
		Debug|x64 = Debug|x64
		Debug|x86 = Debug|x86
		Release|Any CPU = Release|Any CPU
		Release|x64 = Release|x64
		Release|x86 = Release|x86
	EndGlobalSection
	GlobalSection(ProjectConfigurationPlatforms) = postSolution
		{DA201542-7A40-43A5-BA86-C5EE1042208E}.Debug|Any CPU.ActiveCfg = Debug|Any CPU
		{DA201542-7A40-43A5-BA86-C5EE1042208E}.Debug|Any CPU.Build.0 = Debug|Any CPU
		{DA201542-7A40-43A5-BA86-C5EE1042208E}.Debug|x64.ActiveCfg = Debug|Any CPU
		{DA201542-7A40-43A5-BA86-C5EE1042208E}.Debug|x64.Build.0 = Debug|Any CPU
		{DA201542-7A40-43A5-BA86-C5EE1042208E}.Debug|x86.ActiveCfg = Debug|Any CPU
		{DA201542-7A40-43A5-BA86-C5EE1042208E}.Debug|x86.Build.0 = Debug|Any CPU
		{DA201542-7A40-43A5-BA86-C5EE1042208E}.Release|Any CPU.ActiveCfg = Release|Any CPU
		{DA201542-7A40-43A5-BA86-C5EE1042208E}.Release|Any CPU.Build.0 = Release|Any CPU
		{DA201542-7A40-43A5-BA86-C5EE1042208E}.Release|x64.ActiveCfg = Release|Any CPU
		{DA201542-7A40-43A5-BA86-C5EE1042208E}.Release|x64.Build.0 = Release|Any CPU
		{DA201542-7A40-43A5-BA86-C5EE1042208E}.Release|x86.ActiveCfg = Release|Any CPU
		{DA201542-7A40-43A5-BA86-C5EE1042208E}.Release|x86.Build.0 = Release|Any CPU
		{480AB83D-0A33-466E-8902-83E9B716838E}.Debug|Any CPU.ActiveCfg = Debug|Any CPU
		{480AB83D-0A33-466E-8902-83E9B716838E}.Debug|Any CPU.Build.0 = Debug|Any CPU
		{480AB83D-0A33-466E-8902-83E9B716838E}.Debug|x64.ActiveCfg = Debug|Any CPU
		{480AB83D-0A33-466E-8902-83E9B716838E}.Debug|x64.Build.0 = Debug|Any CPU
		{480AB83D-0A33-466E-8902-83E9B716838E}.Debug|x86.ActiveCfg = Debug|Any CPU
		{480AB83D-0A33-466E-8902-83E9B716838E}.Debug|x86.Build.0 = Debug|Any CPU
		{480AB83D-0A33-466E-8902-83E9B716838E}.Release|Any CPU.ActiveCfg = Release|Any CPU
		{480AB83D-0A33-466E-8902-83E9B716838E}.Release|Any CPU.Build.0 = Release|Any CPU
		{480AB83D-0A33-466E-8902-83E9B716838E}.Release|x64.ActiveCfg = Release|Any CPU
		{480AB83D-0A33-466E-8902-83E9B716838E}.Release|x64.Build.0 = Release|Any CPU
		{480AB83D-0A33-466E-8902-83E9B716838E}.Release|x86.ActiveCfg = Release|Any CPU
		{480AB83D-0A33-466E-8902-83E9B716838E}.Release|x86.Build.0 = Release|Any CPU
		{A1013CAD-C25E-4F23-8E6B-6C532540443E}.Debug|Any CPU.ActiveCfg = Debug|Any CPU
		{A1013CAD-C25E-4F23-8E6B-6C532540443E}.Debug|Any CPU.Build.0 = Debug|Any CPU
		{A1013CAD-C25E-4F23-8E6B-6C532540443E}.Debug|x64.ActiveCfg = Debug|Any CPU
		{A1013CAD-C25E-4F23-8E6B-6C532540443E}.Debug|x64.Build.0 = Debug|Any CPU
		{A1013CAD-C25E-4F23-8E6B-6C532540443E}.Debug|x86.ActiveCfg = Debug|Any CPU
		{A1013CAD-C25E-4F23-8E6B-6C532540443E}.Debug|x86.Build.0 = Debug|Any CPU
		{A1013CAD-C25E-4F23-8E6B-6C532540443E}.Release|Any CPU.ActiveCfg = Release|Any CPU
		{A1013CAD-C25E-4F23-8E6B-6C532540443E}.Release|Any CPU.Build.0 = Release|Any CPU
		{A1013CAD-C25E-4F23-8E6B-6C532540443E}.Release|x64.ActiveCfg = Release|Any CPU
		{A1013CAD-C25E-4F23-8E6B-6C532540443E}.Release|x64.Build.0 = Release|Any CPU
		{A1013CAD-C25E-4F23-8E6B-6C532540443E}.Release|x86.ActiveCfg = Release|Any CPU
		{A1013CAD-C25E-4F23-8E6B-6C532540443E}.Release|x86.Build.0 = Release|Any CPU
	EndGlobalSection
	GlobalSection(SolutionProperties) = preSolution
		HideSolutionNode = FALSE
	EndGlobalSection
EndGlobal
